// !$*UTF8*$!
{
	archiveVersion = 1;
	classes = {
	};
	objectVersion = 55;
	objects = {

/* Begin PBXBuildFile section */
		084CA22A2990BC20007D0057 /* AppDelegate.swift in Sources */ = {isa = PBXBuildFile; fileRef = 084CA2292990BC20007D0057 /* AppDelegate.swift */; };
		084CA22C2990BC20007D0057 /* SceneDelegate.swift in Sources */ = {isa = PBXBuildFile; fileRef = 084CA22B2990BC20007D0057 /* SceneDelegate.swift */; };
		084CA22E2990BC20007D0057 /* ViewController.swift in Sources */ = {isa = PBXBuildFile; fileRef = 084CA22D2990BC20007D0057 /* ViewController.swift */; };
		084CA2312990BC20007D0057 /* Main.storyboard in Resources */ = {isa = PBXBuildFile; fileRef = 084CA22F2990BC20007D0057 /* Main.storyboard */; };
		084CA2332990BC22007D0057 /* Assets.xcassets in Resources */ = {isa = PBXBuildFile; fileRef = 084CA2322990BC22007D0057 /* Assets.xcassets */; };
		084CA2362990BC22007D0057 /* LaunchScreen.storyboard in Resources */ = {isa = PBXBuildFile; fileRef = 084CA2342990BC22007D0057 /* LaunchScreen.storyboard */; };
		084CA2442990DCBC007D0057 /* Primer3DSFailUITests.swift in Sources */ = {isa = PBXBuildFile; fileRef = 084CA2432990DCBC007D0057 /* Primer3DSFailUITests.swift */; };
		084CA2462990DCBC007D0057 /* Primer3DSFailUITestsLaunchTests.swift in Sources */ = {isa = PBXBuildFile; fileRef = 084CA2452990DCBC007D0057 /* Primer3DSFailUITestsLaunchTests.swift */; };
		084CA24E29910B8C007D0057 /* SnapshotHelper.swift in Sources */ = {isa = PBXBuildFile; fileRef = 084CA24C29910B82007D0057 /* SnapshotHelper.swift */; };
		CCC5FD396BD63BCF0CD3153A /* Pods_Primer3DSFail.framework in Frameworks */ = {isa = PBXBuildFile; fileRef = B2CA31396AE491B7DF975041 /* Pods_Primer3DSFail.framework */; };
/* End PBXBuildFile section */

/* Begin PBXContainerItemProxy section */
		084CA2472990DCBC007D0057 /* PBXContainerItemProxy */ = {
			isa = PBXContainerItemProxy;
			containerPortal = 084CA21E2990BC1F007D0057 /* Project object */;
			proxyType = 1;
			remoteGlobalIDString = 084CA2252990BC20007D0057;
			remoteInfo = Primer3DSFail;
		};
/* End PBXContainerItemProxy section */

/* Begin PBXFileReference section */
		084CA2262990BC20007D0057 /* Primer3DSFail.app */ = {isa = PBXFileReference; explicitFileType = wrapper.application; includeInIndex = 0; path = Primer3DSFail.app; sourceTree = BUILT_PRODUCTS_DIR; };
		084CA2292990BC20007D0057 /* AppDelegate.swift */ = {isa = PBXFileReference; lastKnownFileType = sourcecode.swift; path = AppDelegate.swift; sourceTree = "<group>"; };
		084CA22B2990BC20007D0057 /* SceneDelegate.swift */ = {isa = PBXFileReference; lastKnownFileType = sourcecode.swift; path = SceneDelegate.swift; sourceTree = "<group>"; };
		084CA22D2990BC20007D0057 /* ViewController.swift */ = {isa = PBXFileReference; lastKnownFileType = sourcecode.swift; path = ViewController.swift; sourceTree = "<group>"; };
		084CA2302990BC20007D0057 /* Base */ = {isa = PBXFileReference; lastKnownFileType = file.storyboard; name = Base; path = Base.lproj/Main.storyboard; sourceTree = "<group>"; };
		084CA2322990BC22007D0057 /* Assets.xcassets */ = {isa = PBXFileReference; lastKnownFileType = folder.assetcatalog; path = Assets.xcassets; sourceTree = "<group>"; };
		084CA2352990BC22007D0057 /* Base */ = {isa = PBXFileReference; lastKnownFileType = file.storyboard; name = Base; path = Base.lproj/LaunchScreen.storyboard; sourceTree = "<group>"; };
		084CA2372990BC22007D0057 /* Info.plist */ = {isa = PBXFileReference; lastKnownFileType = text.plist.xml; path = Info.plist; sourceTree = "<group>"; };
		084CA2412990DCBC007D0057 /* Primer3DSFailUITests.xctest */ = {isa = PBXFileReference; explicitFileType = wrapper.cfbundle; includeInIndex = 0; path = Primer3DSFailUITests.xctest; sourceTree = BUILT_PRODUCTS_DIR; };
		084CA2432990DCBC007D0057 /* Primer3DSFailUITests.swift */ = {isa = PBXFileReference; lastKnownFileType = sourcecode.swift; path = Primer3DSFailUITests.swift; sourceTree = "<group>"; };
		084CA2452990DCBC007D0057 /* Primer3DSFailUITestsLaunchTests.swift */ = {isa = PBXFileReference; lastKnownFileType = sourcecode.swift; path = Primer3DSFailUITestsLaunchTests.swift; sourceTree = "<group>"; };
		084CA24C29910B82007D0057 /* SnapshotHelper.swift */ = {isa = PBXFileReference; fileEncoding = 4; lastKnownFileType = sourcecode.swift; path = SnapshotHelper.swift; sourceTree = "<group>"; };
		3AD0C0EF80AC5DC459BCFCF1 /* Pods-Primer3DSFail.release.xcconfig */ = {isa = PBXFileReference; includeInIndex = 1; lastKnownFileType = text.xcconfig; name = "Pods-Primer3DSFail.release.xcconfig"; path = "Target Support Files/Pods-Primer3DSFail/Pods-Primer3DSFail.release.xcconfig"; sourceTree = "<group>"; };
		A1F176DB13F430D280A3B8DC /* Pods-Primer3DSFail.debug.xcconfig */ = {isa = PBXFileReference; includeInIndex = 1; lastKnownFileType = text.xcconfig; name = "Pods-Primer3DSFail.debug.xcconfig"; path = "Target Support Files/Pods-Primer3DSFail/Pods-Primer3DSFail.debug.xcconfig"; sourceTree = "<group>"; };
		B2CA31396AE491B7DF975041 /* Pods_Primer3DSFail.framework */ = {isa = PBXFileReference; explicitFileType = wrapper.framework; includeInIndex = 0; path = Pods_Primer3DSFail.framework; sourceTree = BUILT_PRODUCTS_DIR; };
/* End PBXFileReference section */

/* Begin PBXFrameworksBuildPhase section */
		084CA2232990BC20007D0057 /* Frameworks */ = {
			isa = PBXFrameworksBuildPhase;
			buildActionMask = 2147483647;
			files = (
				CCC5FD396BD63BCF0CD3153A /* Pods_Primer3DSFail.framework in Frameworks */,
			);
			runOnlyForDeploymentPostprocessing = 0;
		};
		084CA23E2990DCBB007D0057 /* Frameworks */ = {
			isa = PBXFrameworksBuildPhase;
			buildActionMask = 2147483647;
			files = (
			);
			runOnlyForDeploymentPostprocessing = 0;
		};
/* End PBXFrameworksBuildPhase section */

/* Begin PBXGroup section */
		084CA21D2990BC1F007D0057 = {
			isa = PBXGroup;
			children = (
				084CA2282990BC20007D0057 /* Primer3DSFail */,
				084CA2422990DCBC007D0057 /* Primer3DSFailUITests */,
				084CA2272990BC20007D0057 /* Products */,
				64AAD385618BBB7C07BC6E9B /* Pods */,
				94FCF384DC24F9DE9303D261 /* Frameworks */,
			);
			sourceTree = "<group>";
		};
		084CA2272990BC20007D0057 /* Products */ = {
			isa = PBXGroup;
			children = (
				084CA2262990BC20007D0057 /* Primer3DSFail.app */,
				084CA2412990DCBC007D0057 /* Primer3DSFailUITests.xctest */,
			);
			name = Products;
			sourceTree = "<group>";
		};
		084CA2282990BC20007D0057 /* Primer3DSFail */ = {
			isa = PBXGroup;
			children = (
				084CA2292990BC20007D0057 /* AppDelegate.swift */,
				084CA22B2990BC20007D0057 /* SceneDelegate.swift */,
				084CA22D2990BC20007D0057 /* ViewController.swift */,
				084CA22F2990BC20007D0057 /* Main.storyboard */,
				084CA2322990BC22007D0057 /* Assets.xcassets */,
				084CA2342990BC22007D0057 /* LaunchScreen.storyboard */,
				084CA2372990BC22007D0057 /* Info.plist */,
			);
			path = Primer3DSFail;
			sourceTree = "<group>";
		};
		084CA2422990DCBC007D0057 /* Primer3DSFailUITests */ = {
			isa = PBXGroup;
			children = (
				084CA24C29910B82007D0057 /* SnapshotHelper.swift */,
				084CA2432990DCBC007D0057 /* Primer3DSFailUITests.swift */,
				084CA2452990DCBC007D0057 /* Primer3DSFailUITestsLaunchTests.swift */,
			);
			path = Primer3DSFailUITests;
			sourceTree = "<group>";
		};
		64AAD385618BBB7C07BC6E9B /* Pods */ = {
			isa = PBXGroup;
			children = (
				A1F176DB13F430D280A3B8DC /* Pods-Primer3DSFail.debug.xcconfig */,
				3AD0C0EF80AC5DC459BCFCF1 /* Pods-Primer3DSFail.release.xcconfig */,
			);
			path = Pods;
			sourceTree = "<group>";
		};
		94FCF384DC24F9DE9303D261 /* Frameworks */ = {
			isa = PBXGroup;
			children = (
				B2CA31396AE491B7DF975041 /* Pods_Primer3DSFail.framework */,
			);
			name = Frameworks;
			sourceTree = "<group>";
		};
/* End PBXGroup section */

/* Begin PBXNativeTarget section */
		084CA2252990BC20007D0057 /* Primer3DSFail */ = {
			isa = PBXNativeTarget;
			buildConfigurationList = 084CA23A2990BC22007D0057 /* Build configuration list for PBXNativeTarget "Primer3DSFail" */;
			buildPhases = (
				C26629E3B7DE6B53D171B8A0 /* [CP] Check Pods Manifest.lock */,
				084CA2222990BC20007D0057 /* Sources */,
				084CA2232990BC20007D0057 /* Frameworks */,
				084CA2242990BC20007D0057 /* Resources */,
				1B0279863791D7A174AD9BED /* [CP] Embed Pods Frameworks */,
			);
			buildRules = (
			);
			dependencies = (
			);
			name = Primer3DSFail;
			productName = Primer3DSFail;
			productReference = 084CA2262990BC20007D0057 /* Primer3DSFail.app */;
			productType = "com.apple.product-type.application";
		};
		084CA2402990DCBB007D0057 /* Primer3DSFailUITests */ = {
			isa = PBXNativeTarget;
			buildConfigurationList = 084CA24B2990DCBC007D0057 /* Build configuration list for PBXNativeTarget "Primer3DSFailUITests" */;
			buildPhases = (
				084CA23D2990DCBB007D0057 /* Sources */,
				084CA23E2990DCBB007D0057 /* Frameworks */,
				084CA23F2990DCBB007D0057 /* Resources */,
			);
			buildRules = (
			);
			dependencies = (
				084CA2482990DCBC007D0057 /* PBXTargetDependency */,
			);
			name = Primer3DSFailUITests;
			productName = Primer3DSFailUITests;
			productReference = 084CA2412990DCBC007D0057 /* Primer3DSFailUITests.xctest */;
			productType = "com.apple.product-type.bundle.ui-testing";
		};
/* End PBXNativeTarget section */

/* Begin PBXProject section */
		084CA21E2990BC1F007D0057 /* Project object */ = {
			isa = PBXProject;
			attributes = {
				BuildIndependentTargetsInParallel = 1;
				LastSwiftUpdateCheck = 1410;
				LastUpgradeCheck = 1410;
				TargetAttributes = {
					084CA2252990BC20007D0057 = {
						CreatedOnToolsVersion = 14.1;
					};
					084CA2402990DCBB007D0057 = {
						CreatedOnToolsVersion = 14.1;
						TestTargetID = 084CA2252990BC20007D0057;
					};
				};
			};
			buildConfigurationList = 084CA2212990BC1F007D0057 /* Build configuration list for PBXProject "Primer3DSFail" */;
			compatibilityVersion = "Xcode 13.0";
			developmentRegion = en;
			hasScannedForEncodings = 0;
			knownRegions = (
				en,
				Base,
			);
			mainGroup = 084CA21D2990BC1F007D0057;
			productRefGroup = 084CA2272990BC20007D0057 /* Products */;
			projectDirPath = "";
			projectRoot = "";
			targets = (
				084CA2252990BC20007D0057 /* Primer3DSFail */,
				084CA2402990DCBB007D0057 /* Primer3DSFailUITests */,
			);
		};
/* End PBXProject section */

/* Begin PBXResourcesBuildPhase section */
		084CA2242990BC20007D0057 /* Resources */ = {
			isa = PBXResourcesBuildPhase;
			buildActionMask = 2147483647;
			files = (
				084CA2362990BC22007D0057 /* LaunchScreen.storyboard in Resources */,
				084CA2332990BC22007D0057 /* Assets.xcassets in Resources */,
				084CA2312990BC20007D0057 /* Main.storyboard in Resources */,
			);
			runOnlyForDeploymentPostprocessing = 0;
		};
		084CA23F2990DCBB007D0057 /* Resources */ = {
			isa = PBXResourcesBuildPhase;
			buildActionMask = 2147483647;
			files = (
			);
			runOnlyForDeploymentPostprocessing = 0;
		};
/* End PBXResourcesBuildPhase section */

/* Begin PBXShellScriptBuildPhase section */
		1B0279863791D7A174AD9BED /* [CP] Embed Pods Frameworks */ = {
			isa = PBXShellScriptBuildPhase;
			buildActionMask = 2147483647;
			files = (
			);
			inputFileListPaths = (
				"${PODS_ROOT}/Target Support Files/Pods-Primer3DSFail/Pods-Primer3DSFail-frameworks-${CONFIGURATION}-input-files.xcfilelist",
			);
			name = "[CP] Embed Pods Frameworks";
			outputFileListPaths = (
				"${PODS_ROOT}/Target Support Files/Pods-Primer3DSFail/Pods-Primer3DSFail-frameworks-${CONFIGURATION}-output-files.xcfilelist",
			);
			runOnlyForDeploymentPostprocessing = 0;
			shellPath = /bin/sh;
			shellScript = "\"${PODS_ROOT}/Target Support Files/Pods-Primer3DSFail/Pods-Primer3DSFail-frameworks.sh\"\n";
			showEnvVarsInLog = 0;
		};
		C26629E3B7DE6B53D171B8A0 /* [CP] Check Pods Manifest.lock */ = {
			isa = PBXShellScriptBuildPhase;
			buildActionMask = 2147483647;
			files = (
			);
			inputFileListPaths = (
			);
			inputPaths = (
				"${PODS_PODFILE_DIR_PATH}/Podfile.lock",
				"${PODS_ROOT}/Manifest.lock",
			);
			name = "[CP] Check Pods Manifest.lock";
			outputFileListPaths = (
			);
			outputPaths = (
				"$(DERIVED_FILE_DIR)/Pods-Primer3DSFail-checkManifestLockResult.txt",
			);
			runOnlyForDeploymentPostprocessing = 0;
			shellPath = /bin/sh;
			shellScript = "diff \"${PODS_PODFILE_DIR_PATH}/Podfile.lock\" \"${PODS_ROOT}/Manifest.lock\" > /dev/null\nif [ $? != 0 ] ; then\n    # print error to STDERR\n    echo \"error: The sandbox is not in sync with the Podfile.lock. Run 'pod install' or update your CocoaPods installation.\" >&2\n    exit 1\nfi\n# This output is used by Xcode 'outputs' to avoid re-running this script phase.\necho \"SUCCESS\" > \"${SCRIPT_OUTPUT_FILE_0}\"\n";
			showEnvVarsInLog = 0;
		};
/* End PBXShellScriptBuildPhase section */

/* Begin PBXSourcesBuildPhase section */
		084CA2222990BC20007D0057 /* Sources */ = {
			isa = PBXSourcesBuildPhase;
			buildActionMask = 2147483647;
			files = (
				084CA22E2990BC20007D0057 /* ViewController.swift in Sources */,
				084CA22A2990BC20007D0057 /* AppDelegate.swift in Sources */,
				084CA22C2990BC20007D0057 /* SceneDelegate.swift in Sources */,
			);
			runOnlyForDeploymentPostprocessing = 0;
		};
		084CA23D2990DCBB007D0057 /* Sources */ = {
			isa = PBXSourcesBuildPhase;
			buildActionMask = 2147483647;
			files = (
				084CA2462990DCBC007D0057 /* Primer3DSFailUITestsLaunchTests.swift in Sources */,
				084CA2442990DCBC007D0057 /* Primer3DSFailUITests.swift in Sources */,
				084CA24E29910B8C007D0057 /* SnapshotHelper.swift in Sources */,
			);
			runOnlyForDeploymentPostprocessing = 0;
		};
/* End PBXSourcesBuildPhase section */

/* Begin PBXTargetDependency section */
		084CA2482990DCBC007D0057 /* PBXTargetDependency */ = {
			isa = PBXTargetDependency;
			target = 084CA2252990BC20007D0057 /* Primer3DSFail */;
			targetProxy = 084CA2472990DCBC007D0057 /* PBXContainerItemProxy */;
		};
/* End PBXTargetDependency section */

/* Begin PBXVariantGroup section */
		084CA22F2990BC20007D0057 /* Main.storyboard */ = {
			isa = PBXVariantGroup;
			children = (
				084CA2302990BC20007D0057 /* Base */,
			);
			name = Main.storyboard;
			sourceTree = "<group>";
		};
		084CA2342990BC22007D0057 /* LaunchScreen.storyboard */ = {
			isa = PBXVariantGroup;
			children = (
				084CA2352990BC22007D0057 /* Base */,
			);
			name = LaunchScreen.storyboard;
			sourceTree = "<group>";
		};
/* End PBXVariantGroup section */

/* Begin XCBuildConfiguration section */
		084CA2382990BC22007D0057 /* Debug */ = {
			isa = XCBuildConfiguration;
			buildSettings = {
				ALWAYS_SEARCH_USER_PATHS = NO;
				CLANG_ANALYZER_NONNULL = YES;
				CLANG_ANALYZER_NUMBER_OBJECT_CONVERSION = YES_AGGRESSIVE;
				CLANG_CXX_LANGUAGE_STANDARD = "gnu++20";
				CLANG_ENABLE_MODULES = YES;
				CLANG_ENABLE_OBJC_ARC = YES;
				CLANG_ENABLE_OBJC_WEAK = YES;
				CLANG_WARN_BLOCK_CAPTURE_AUTORELEASING = YES;
				CLANG_WARN_BOOL_CONVERSION = YES;
				CLANG_WARN_COMMA = YES;
				CLANG_WARN_CONSTANT_CONVERSION = YES;
				CLANG_WARN_DEPRECATED_OBJC_IMPLEMENTATIONS = YES;
				CLANG_WARN_DIRECT_OBJC_ISA_USAGE = YES_ERROR;
				CLANG_WARN_DOCUMENTATION_COMMENTS = YES;
				CLANG_WARN_EMPTY_BODY = YES;
				CLANG_WARN_ENUM_CONVERSION = YES;
				CLANG_WARN_INFINITE_RECURSION = YES;
				CLANG_WARN_INT_CONVERSION = YES;
				CLANG_WARN_NON_LITERAL_NULL_CONVERSION = YES;
				CLANG_WARN_OBJC_IMPLICIT_RETAIN_SELF = YES;
				CLANG_WARN_OBJC_LITERAL_CONVERSION = YES;
				CLANG_WARN_OBJC_ROOT_CLASS = YES_ERROR;
				CLANG_WARN_QUOTED_INCLUDE_IN_FRAMEWORK_HEADER = YES;
				CLANG_WARN_RANGE_LOOP_ANALYSIS = YES;
				CLANG_WARN_STRICT_PROTOTYPES = YES;
				CLANG_WARN_SUSPICIOUS_MOVE = YES;
				CLANG_WARN_UNGUARDED_AVAILABILITY = YES_AGGRESSIVE;
				CLANG_WARN_UNREACHABLE_CODE = YES;
				CLANG_WARN__DUPLICATE_METHOD_MATCH = YES;
				COPY_PHASE_STRIP = NO;
				DEBUG_INFORMATION_FORMAT = dwarf;
				ENABLE_STRICT_OBJC_MSGSEND = YES;
				ENABLE_TESTABILITY = YES;
				GCC_C_LANGUAGE_STANDARD = gnu11;
				GCC_DYNAMIC_NO_PIC = NO;
				GCC_NO_COMMON_BLOCKS = YES;
				GCC_OPTIMIZATION_LEVEL = 0;
				GCC_PREPROCESSOR_DEFINITIONS = (
					"DEBUG=1",
					"$(inherited)",
				);
				GCC_WARN_64_TO_32_BIT_CONVERSION = YES;
				GCC_WARN_ABOUT_RETURN_TYPE = YES_ERROR;
				GCC_WARN_UNDECLARED_SELECTOR = YES;
				GCC_WARN_UNINITIALIZED_AUTOS = YES_AGGRESSIVE;
				GCC_WARN_UNUSED_FUNCTION = YES;
				GCC_WARN_UNUSED_VARIABLE = YES;
				IPHONEOS_DEPLOYMENT_TARGET = 16.1;
				MTL_ENABLE_DEBUG_INFO = INCLUDE_SOURCE;
				MTL_FAST_MATH = YES;
				ONLY_ACTIVE_ARCH = YES;
				SDKROOT = iphoneos;
				SWIFT_ACTIVE_COMPILATION_CONDITIONS = DEBUG;
				SWIFT_OPTIMIZATION_LEVEL = "-Onone";
			};
			name = Debug;
		};
		084CA2392990BC22007D0057 /* Release */ = {
			isa = XCBuildConfiguration;
			buildSettings = {
				ALWAYS_SEARCH_USER_PATHS = NO;
				CLANG_ANALYZER_NONNULL = YES;
				CLANG_ANALYZER_NUMBER_OBJECT_CONVERSION = YES_AGGRESSIVE;
				CLANG_CXX_LANGUAGE_STANDARD = "gnu++20";
				CLANG_ENABLE_MODULES = YES;
				CLANG_ENABLE_OBJC_ARC = YES;
				CLANG_ENABLE_OBJC_WEAK = YES;
				CLANG_WARN_BLOCK_CAPTURE_AUTORELEASING = YES;
				CLANG_WARN_BOOL_CONVERSION = YES;
				CLANG_WARN_COMMA = YES;
				CLANG_WARN_CONSTANT_CONVERSION = YES;
				CLANG_WARN_DEPRECATED_OBJC_IMPLEMENTATIONS = YES;
				CLANG_WARN_DIRECT_OBJC_ISA_USAGE = YES_ERROR;
				CLANG_WARN_DOCUMENTATION_COMMENTS = YES;
				CLANG_WARN_EMPTY_BODY = YES;
				CLANG_WARN_ENUM_CONVERSION = YES;
				CLANG_WARN_INFINITE_RECURSION = YES;
				CLANG_WARN_INT_CONVERSION = YES;
				CLANG_WARN_NON_LITERAL_NULL_CONVERSION = YES;
				CLANG_WARN_OBJC_IMPLICIT_RETAIN_SELF = YES;
				CLANG_WARN_OBJC_LITERAL_CONVERSION = YES;
				CLANG_WARN_OBJC_ROOT_CLASS = YES_ERROR;
				CLANG_WARN_QUOTED_INCLUDE_IN_FRAMEWORK_HEADER = YES;
				CLANG_WARN_RANGE_LOOP_ANALYSIS = YES;
				CLANG_WARN_STRICT_PROTOTYPES = YES;
				CLANG_WARN_SUSPICIOUS_MOVE = YES;
				CLANG_WARN_UNGUARDED_AVAILABILITY = YES_AGGRESSIVE;
				CLANG_WARN_UNREACHABLE_CODE = YES;
				CLANG_WARN__DUPLICATE_METHOD_MATCH = YES;
				COPY_PHASE_STRIP = NO;
				DEBUG_INFORMATION_FORMAT = "dwarf-with-dsym";
				ENABLE_NS_ASSERTIONS = NO;
				ENABLE_STRICT_OBJC_MSGSEND = YES;
				GCC_C_LANGUAGE_STANDARD = gnu11;
				GCC_NO_COMMON_BLOCKS = YES;
				GCC_WARN_64_TO_32_BIT_CONVERSION = YES;
				GCC_WARN_ABOUT_RETURN_TYPE = YES_ERROR;
				GCC_WARN_UNDECLARED_SELECTOR = YES;
				GCC_WARN_UNINITIALIZED_AUTOS = YES_AGGRESSIVE;
				GCC_WARN_UNUSED_FUNCTION = YES;
				GCC_WARN_UNUSED_VARIABLE = YES;
				IPHONEOS_DEPLOYMENT_TARGET = 16.1;
				MTL_ENABLE_DEBUG_INFO = NO;
				MTL_FAST_MATH = YES;
				SDKROOT = iphoneos;
				SWIFT_COMPILATION_MODE = wholemodule;
				SWIFT_OPTIMIZATION_LEVEL = "-O";
				VALIDATE_PRODUCT = YES;
			};
			name = Release;
		};
		084CA23B2990BC22007D0057 /* Debug */ = {
			isa = XCBuildConfiguration;
			baseConfigurationReference = A1F176DB13F430D280A3B8DC /* Pods-Primer3DSFail.debug.xcconfig */;
			buildSettings = {
				ASSETCATALOG_COMPILER_APPICON_NAME = AppIcon;
				ASSETCATALOG_COMPILER_GLOBAL_ACCENT_COLOR_NAME = AccentColor;
				CODE_SIGN_STYLE = Automatic;
				CURRENT_PROJECT_VERSION = 1;
				GENERATE_INFOPLIST_FILE = YES;
				INFOPLIST_FILE = Primer3DSFail/Info.plist;
				INFOPLIST_KEY_UIApplicationSupportsIndirectInputEvents = YES;
				INFOPLIST_KEY_UILaunchStoryboardName = LaunchScreen;
				INFOPLIST_KEY_UIMainStoryboardFile = Main;
				INFOPLIST_KEY_UISupportedInterfaceOrientations_iPad = "UIInterfaceOrientationPortrait UIInterfaceOrientationPortraitUpsideDown UIInterfaceOrientationLandscapeLeft UIInterfaceOrientationLandscapeRight";
				INFOPLIST_KEY_UISupportedInterfaceOrientations_iPhone = "UIInterfaceOrientationPortrait UIInterfaceOrientationLandscapeLeft UIInterfaceOrientationLandscapeRight";
				LD_RUNPATH_SEARCH_PATHS = (
					"$(inherited)",
					"@executable_path/Frameworks",
				);
				MARKETING_VERSION = 1.0;
				PRODUCT_BUNDLE_IDENTIFIER = com.pace.Primer3DSFail;
				PRODUCT_NAME = "$(TARGET_NAME)";
				SWIFT_EMIT_LOC_STRINGS = YES;
				SWIFT_VERSION = 5.0;
				TARGETED_DEVICE_FAMILY = "1,2";
			};
			name = Debug;
		};
		084CA23C2990BC22007D0057 /* Release */ = {
			isa = XCBuildConfiguration;
			baseConfigurationReference = 3AD0C0EF80AC5DC459BCFCF1 /* Pods-Primer3DSFail.release.xcconfig */;
			buildSettings = {
				ASSETCATALOG_COMPILER_APPICON_NAME = AppIcon;
				ASSETCATALOG_COMPILER_GLOBAL_ACCENT_COLOR_NAME = AccentColor;
				CODE_SIGN_STYLE = Automatic;
				CURRENT_PROJECT_VERSION = 1;
				GENERATE_INFOPLIST_FILE = YES;
				INFOPLIST_FILE = Primer3DSFail/Info.plist;
				INFOPLIST_KEY_UIApplicationSupportsIndirectInputEvents = YES;
				INFOPLIST_KEY_UILaunchStoryboardName = LaunchScreen;
				INFOPLIST_KEY_UIMainStoryboardFile = Main;
				INFOPLIST_KEY_UISupportedInterfaceOrientations_iPad = "UIInterfaceOrientationPortrait UIInterfaceOrientationPortraitUpsideDown UIInterfaceOrientationLandscapeLeft UIInterfaceOrientationLandscapeRight";
				INFOPLIST_KEY_UISupportedInterfaceOrientations_iPhone = "UIInterfaceOrientationPortrait UIInterfaceOrientationLandscapeLeft UIInterfaceOrientationLandscapeRight";
				LD_RUNPATH_SEARCH_PATHS = (
					"$(inherited)",
					"@executable_path/Frameworks",
				);
				MARKETING_VERSION = 1.0;
				PRODUCT_BUNDLE_IDENTIFIER = com.pace.Primer3DSFail;
				PRODUCT_NAME = "$(TARGET_NAME)";
				SWIFT_EMIT_LOC_STRINGS = YES;
				SWIFT_VERSION = 5.0;
				TARGETED_DEVICE_FAMILY = "1,2";
			};
			name = Release;
		};
		084CA2492990DCBC007D0057 /* Debug */ = {
			isa = XCBuildConfiguration;
			buildSettings = {
				CODE_SIGN_STYLE = Automatic;
				CURRENT_PROJECT_VERSION = 1;
				GENERATE_INFOPLIST_FILE = YES;
				MARKETING_VERSION = 1.0;
				PRODUCT_BUNDLE_IDENTIFIER = com.pace.Primer3DSFailUITests;
				PRODUCT_NAME = "$(TARGET_NAME)";
				SWIFT_EMIT_LOC_STRINGS = NO;
				SWIFT_VERSION = 5.0;
				TARGETED_DEVICE_FAMILY = "1,2";
				TEST_TARGET_NAME = Primer3DSFail;
			};
			name = Debug;
		};
		084CA24A2990DCBC007D0057 /* Release */ = {
			isa = XCBuildConfiguration;
			buildSettings = {
				CODE_SIGN_STYLE = Automatic;
				CURRENT_PROJECT_VERSION = 1;
				GENERATE_INFOPLIST_FILE = YES;
				MARKETING_VERSION = 1.0;
				PRODUCT_BUNDLE_IDENTIFIER = com.pace.Primer3DSFailUITests;
				PRODUCT_NAME = "$(TARGET_NAME)";
				SWIFT_EMIT_LOC_STRINGS = NO;
				SWIFT_VERSION = 5.0;
				TARGETED_DEVICE_FAMILY = "1,2";
				TEST_TARGET_NAME = Primer3DSFail;
			};
			name = Release;
		};
/* End XCBuildConfiguration section */

/* Begin XCConfigurationList section */
		084CA2212990BC1F007D0057 /* Build configuration list for PBXProject "Primer3DSFail" */ = {
			isa = XCConfigurationList;
			buildConfigurations = (
				084CA2382990BC22007D0057 /* Debug */,
				084CA2392990BC22007D0057 /* Release */,
			);
			defaultConfigurationIsVisible = 0;
			defaultConfigurationName = Release;
		};
		084CA23A2990BC22007D0057 /* Build configuration list for PBXNativeTarget "Primer3DSFail" */ = {
			isa = XCConfigurationList;
			buildConfigurations = (
				084CA23B2990BC22007D0057 /* Debug */,
				084CA23C2990BC22007D0057 /* Release */,
			);
			defaultConfigurationIsVisible = 0;
			defaultConfigurationName = Release;
		};
		084CA24B2990DCBC007D0057 /* Build configuration list for PBXNativeTarget "Primer3DSFailUITests" */ = {
			isa = XCConfigurationList;
			buildConfigurations = (
				084CA2492990DCBC007D0057 /* Debug */,
				084CA24A2990DCBC007D0057 /* Release */,
			);
			defaultConfigurationIsVisible = 0;
			defaultConfigurationName = Release;
		};
/* End XCConfigurationList section */
	};
	rootObject = 084CA21E2990BC1F007D0057 /* Project object */;
}
